
Microsoft Visual Studio Solution File, Format Version 12.00
# Visual Studio 15
VisualStudioVersion = 15.0.26730.8
MinimumVisualStudioVersion = 10.0.40219.1
Project("{2150E333-8FDC-42A3-9474-1A3956D46DE8}") = "Engine", "Engine", "{A8235110-DBD7-4914-92C1-E2BC3B161561}"
EndProject
Project("{2150E333-8FDC-42A3-9474-1A3956D46DE8}") = "Games", "Games", "{0676F5EB-59A2-4698-B1E5-33E677CD7343}"
EndProject
Project("{8BC9CEB8-8B4A-11D0-8D11-00A0C91BC942}") = "UE4", "Intermediate\ProjectFiles\UE4.vcxproj", "{EDCEDADA-3B3A-461C-962B-8D277084406F}"
EndProject
Project("{8BC9CEB8-8B4A-11D0-8D11-00A0C91BC942}") = "BuildingEscape", "Intermediate\ProjectFiles\BuildingEscape.vcxproj", "{9F36530F-B98D-4950-A1DA-ADE193C5E12A}"
EndProject
Global
	GlobalSection(SolutionConfigurationPlatforms) = preSolution
		DebugGame Editor|HTML5 = DebugGame Editor|HTML5
		DebugGame Editor|Win32 = DebugGame Editor|Win32
		DebugGame Editor|Win64 = DebugGame Editor|Win64
		DebugGame|HTML5 = DebugGame|HTML5
		DebugGame|Win32 = DebugGame|Win32
		DebugGame|Win64 = DebugGame|Win64
		Development Editor|HTML5 = Development Editor|HTML5
		Development Editor|Win32 = Development Editor|Win32
		Development Editor|Win64 = Development Editor|Win64
		Development|HTML5 = Development|HTML5
		Development|Win32 = Development|Win32
		Development|Win64 = Development|Win64
		Shipping|HTML5 = Shipping|HTML5
		Shipping|Win32 = Shipping|Win32
		Shipping|Win64 = Shipping|Win64
	EndGlobalSection
	GlobalSection(ProjectConfigurationPlatforms) = postSolution
		{EDCEDADA-3B3A-461C-962B-8D277084406F}.DebugGame Editor|HTML5.ActiveCfg = BuiltWithUnrealBuildTool|Win32
		{EDCEDADA-3B3A-461C-962B-8D277084406F}.DebugGame Editor|HTML5.Build.0 = BuiltWithUnrealBuildTool|Win32
		{EDCEDADA-3B3A-461C-962B-8D277084406F}.DebugGame Editor|Win32.ActiveCfg = BuiltWithUnrealBuildTool|Win32
		{EDCEDADA-3B3A-461C-962B-8D277084406F}.DebugGame Editor|Win32.Build.0 = BuiltWithUnrealBuildTool|Win32
		{EDCEDADA-3B3A-461C-962B-8D277084406F}.DebugGame Editor|Win64.ActiveCfg = BuiltWithUnrealBuildTool|Win32
		{EDCEDADA-3B3A-461C-962B-8D277084406F}.DebugGame Editor|Win64.Build.0 = BuiltWithUnrealBuildTool|Win32
		{EDCEDADA-3B3A-461C-962B-8D277084406F}.DebugGame|HTML5.ActiveCfg = BuiltWithUnrealBuildTool|Win32
		{EDCEDADA-3B3A-461C-962B-8D277084406F}.DebugGame|HTML5.Build.0 = BuiltWithUnrealBuildTool|Win32
		{EDCEDADA-3B3A-461C-962B-8D277084406F}.DebugGame|Win32.ActiveCfg = BuiltWithUnrealBuildTool|Win32
		{EDCEDADA-3B3A-461C-962B-8D277084406F}.DebugGame|Win32.Build.0 = BuiltWithUnrealBuildTool|Win32
		{EDCEDADA-3B3A-461C-962B-8D277084406F}.DebugGame|Win64.ActiveCfg = BuiltWithUnrealBuildTool|Win32
		{EDCEDADA-3B3A-461C-962B-8D277084406F}.DebugGame|Win64.Build.0 = BuiltWithUnrealBuildTool|Win32
		{EDCEDADA-3B3A-461C-962B-8D277084406F}.Development Editor|HTML5.ActiveCfg = BuiltWithUnrealBuildTool|Win32
		{EDCEDADA-3B3A-461C-962B-8D277084406F}.Development Editor|HTML5.Build.0 = BuiltWithUnrealBuildTool|Win32
		{EDCEDADA-3B3A-461C-962B-8D277084406F}.Development Editor|Win32.ActiveCfg = BuiltWithUnrealBuildTool|Win32
		{EDCEDADA-3B3A-461C-962B-8D277084406F}.Development Editor|Win32.Build.0 = BuiltWithUnrealBuildTool|Win32
		{EDCEDADA-3B3A-461C-962B-8D277084406F}.Development Editor|Win64.ActiveCfg = BuiltWithUnrealBuildTool|Win32
		{EDCEDADA-3B3A-461C-962B-8D277084406F}.Development Editor|Win64.Build.0 = BuiltWithUnrealBuildTool|Win32
		{EDCEDADA-3B3A-461C-962B-8D277084406F}.Development|HTML5.ActiveCfg = BuiltWithUnrealBuildTool|Win32
		{EDCEDADA-3B3A-461C-962B-8D277084406F}.Development|HTML5.Build.0 = BuiltWithUnrealBuildTool|Win32
		{EDCEDADA-3B3A-461C-962B-8D277084406F}.Development|Win32.ActiveCfg = BuiltWithUnrealBuildTool|Win32
		{EDCEDADA-3B3A-461C-962B-8D277084406F}.Development|Win32.Build.0 = BuiltWithUnrealBuildTool|Win32
		{EDCEDADA-3B3A-461C-962B-8D277084406F}.Development|Win64.ActiveCfg = BuiltWithUnrealBuildTool|Win32
		{EDCEDADA-3B3A-461C-962B-8D277084406F}.Development|Win64.Build.0 = BuiltWithUnrealBuildTool|Win32
		{EDCEDADA-3B3A-461C-962B-8D277084406F}.Shipping|HTML5.ActiveCfg = BuiltWithUnrealBuildTool|Win32
		{EDCEDADA-3B3A-461C-962B-8D277084406F}.Shipping|HTML5.Build.0 = BuiltWithUnrealBuildTool|Win32
		{EDCEDADA-3B3A-461C-962B-8D277084406F}.Shipping|Win32.ActiveCfg = BuiltWithUnrealBuildTool|Win32
		{EDCEDADA-3B3A-461C-962B-8D277084406F}.Shipping|Win32.Build.0 = BuiltWithUnrealBuildTool|Win32
		{EDCEDADA-3B3A-461C-962B-8D277084406F}.Shipping|Win64.ActiveCfg = BuiltWithUnrealBuildTool|Win32
		{EDCEDADA-3B3A-461C-962B-8D277084406F}.Shipping|Win64.Build.0 = BuiltWithUnrealBuildTool|Win32
		{9F36530F-B98D-4950-A1DA-ADE193C5E12A}.DebugGame Editor|HTML5.ActiveCfg = HTML5_DebugGame_Editor|Win32
		{9F36530F-B98D-4950-A1DA-ADE193C5E12A}.DebugGame Editor|Win32.ActiveCfg = DebugGame_Editor|Win32
		{9F36530F-B98D-4950-A1DA-ADE193C5E12A}.DebugGame Editor|Win64.ActiveCfg = DebugGame_Editor|x64
		{9F36530F-B98D-4950-A1DA-ADE193C5E12A}.DebugGame Editor|Win64.Build.0 = DebugGame_Editor|x64
		{9F36530F-B98D-4950-A1DA-ADE193C5E12A}.DebugGame|HTML5.ActiveCfg = HTML5_DebugGame_Game|Win32
		{9F36530F-B98D-4950-A1DA-ADE193C5E12A}.DebugGame|HTML5.Build.0 = HTML5_DebugGame_Game|Win32
		{9F36530F-B98D-4950-A1DA-ADE193C5E12A}.DebugGame|Win32.ActiveCfg = DebugGame_Game|Win32
		{9F36530F-B98D-4950-A1DA-ADE193C5E12A}.DebugGame|Win32.Build.0 = DebugGame_Game|Win32
		{9F36530F-B98D-4950-A1DA-ADE193C5E12A}.DebugGame|Win64.ActiveCfg = DebugGame_Game|x64
		{9F36530F-B98D-4950-A1DA-ADE193C5E12A}.DebugGame|Win64.Build.0 = DebugGame_Game|x64
		{9F36530F-B98D-4950-A1DA-ADE193C5E12A}.Development Editor|HTML5.ActiveCfg = HTML5_Development_Editor|Win32
		{9F36530F-B98D-4950-A1DA-ADE193C5E12A}.Development Editor|Win32.ActiveCfg = Development_Editor|Win32
		{9F36530F-B98D-4950-A1DA-ADE193C5E12A}.Development Editor|Win64.ActiveCfg = Development_Editor|x64
		{9F36530F-B98D-4950-A1DA-ADE193C5E12A}.Development Editor|Win64.Build.0 = Development_Editor|x64
		{9F36530F-B98D-4950-A1DA-ADE193C5E12A}.Development|HTML5.ActiveCfg = HTML5_Development_Game|Win32
		{9F36530F-B98D-4950-A1DA-ADE193C5E12A}.Development|HTML5.Build.0 = HTML5_Development_Game|Win32
		{9F36530F-B98D-4950-A1DA-ADE193C5E12A}.Development|Win32.ActiveCfg = Development_Game|Win32
		{9F36530F-B98D-4950-A1DA-ADE193C5E12A}.Development|Win32.Build.0 = Development_Game|Win32
		{9F36530F-B98D-4950-A1DA-ADE193C5E12A}.Development|Win64.ActiveCfg = Development_Game|x64
		{9F36530F-B98D-4950-A1DA-ADE193C5E12A}.Development|Win64.Build.0 = Development_Game|x64
		{9F36530F-B98D-4950-A1DA-ADE193C5E12A}.Shipping|HTML5.ActiveCfg = HTML5_Shipping_Game|Win32
		{9F36530F-B98D-4950-A1DA-ADE193C5E12A}.Shipping|HTML5.Build.0 = HTML5_Shipping_Game|Win32
		{9F36530F-B98D-4950-A1DA-ADE193C5E12A}.Shipping|Win32.ActiveCfg = Shipping_Game|Win32
		{9F36530F-B98D-4950-A1DA-ADE193C5E12A}.Shipping|Win32.Build.0 = Shipping_Game|Win32
		{9F36530F-B98D-4950-A1DA-ADE193C5E12A}.Shipping|Win64.ActiveCfg = Shipping_Game|x64
		{9F36530F-B98D-4950-A1DA-ADE193C5E12A}.Shipping|Win64.Build.0 = Shipping_Game|x64
	EndGlobalSection
	GlobalSection(SolutionProperties) = preSolution
		HideSolutionNode = FALSE
	EndGlobalSection
	GlobalSection(NestedProjects) = preSolution
		{EDCEDADA-3B3A-461C-962B-8D277084406F} = {A8235110-DBD7-4914-92C1-E2BC3B161561}
		{9F36530F-B98D-4950-A1DA-ADE193C5E12A} = {0676F5EB-59A2-4698-B1E5-33E677CD7343}
	EndGlobalSection
	GlobalSection(ExtensibilityGlobals) = postSolution
		SolutionGuid = {5536A415-39BF-4256-AFAA-649E2640D8C1}
	EndGlobalSection
EndGlobal
